
Microsoft Visual Studio Solution File, Format Version 12.00
# Visual Studio Version 17
VisualStudioVersion = 17.6.33815.320
MinimumVisualStudioVersion = 10.0.40219.1
Project("{9A19103F-16F7-4668-BE54-9A1E7A4F7556}") = "YourRest.ClientWebApp", "YourRest.ClientWebApp\YourRest.ClientWebApp.csproj", "{98C97F8D-C1CD-4B34-9DF1-09C4942DD708}"
EndProject
Project("{9A19103F-16F7-4668-BE54-9A1E7A4F7556}") = "YourRest.Infrastructure", "YourRest.Infrastructure\YourRest.Infrastructure.csproj", "{C2DC889D-2ABB-454B-AFD2-F3F136D43E9F}"
EndProject
Project("{9A19103F-16F7-4668-BE54-9A1E7A4F7556}") = "YourRest.WebApi", "YourRest.WebApi\YourRest.WebApi.csproj", "{9125AABC-BBA7-4083-BEEB-13F973363B8A}"
EndProject
Project("{9A19103F-16F7-4668-BE54-9A1E7A4F7556}") = "YourRest.Infrastructure.Tests", "YourRest.Infrastructure.Tests\YourRest.Infrastructure.Tests.csproj", "{E142C09A-E200-44B3-98C5-CAE6B80FBB3B}"
EndProject
Project("{9A19103F-16F7-4668-BE54-9A1E7A4F7556}") = "YourRest.Domain", "YourRest.Domain\YourRest.Domain.csproj", "{995142AE-D4DD-46A9-8CB1-A8CD1A92DDF7}"
EndProject
Project("{9A19103F-16F7-4668-BE54-9A1E7A4F7556}") = "YourRest.Application", "YourRest.Application\YourRest.Application.csproj", "{2D4E46B3-426A-4035-B9FF-66B044D33468}"
EndProject
Project("{9A19103F-16F7-4668-BE54-9A1E7A4F7556}") = "YourRest.WebApi.Tests", "YourRest.WebApi.Tests\YourRest.WebApi.Tests.csproj", "{B0E509F2-D7D7-4B9F-B899-908B130C6D31}"
EndProject
Global
	GlobalSection(SolutionConfigurationPlatforms) = preSolution
		Debug|Any CPU = Debug|Any CPU
		Release|Any CPU = Release|Any CPU
	EndGlobalSection
	GlobalSection(ProjectConfigurationPlatforms) = postSolution
		{98C97F8D-C1CD-4B34-9DF1-09C4942DD708}.Debug|Any CPU.ActiveCfg = Debug|Any CPU
		{98C97F8D-C1CD-4B34-9DF1-09C4942DD708}.Debug|Any CPU.Build.0 = Debug|Any CPU
		{98C97F8D-C1CD-4B34-9DF1-09C4942DD708}.Release|Any CPU.ActiveCfg = Release|Any CPU
		{98C97F8D-C1CD-4B34-9DF1-09C4942DD708}.Release|Any CPU.Build.0 = Release|Any CPU
		{C2DC889D-2ABB-454B-AFD2-F3F136D43E9F}.Debug|Any CPU.ActiveCfg = Debug|Any CPU
		{C2DC889D-2ABB-454B-AFD2-F3F136D43E9F}.Debug|Any CPU.Build.0 = Debug|Any CPU
		{C2DC889D-2ABB-454B-AFD2-F3F136D43E9F}.Release|Any CPU.ActiveCfg = Release|Any CPU
		{C2DC889D-2ABB-454B-AFD2-F3F136D43E9F}.Release|Any CPU.Build.0 = Release|Any CPU
		{9125AABC-BBA7-4083-BEEB-13F973363B8A}.Debug|Any CPU.ActiveCfg = Debug|Any CPU
		{9125AABC-BBA7-4083-BEEB-13F973363B8A}.Debug|Any CPU.Build.0 = Debug|Any CPU
		{9125AABC-BBA7-4083-BEEB-13F973363B8A}.Release|Any CPU.ActiveCfg = Release|Any CPU
		{9125AABC-BBA7-4083-BEEB-13F973363B8A}.Release|Any CPU.Build.0 = Release|Any CPU
		{E142C09A-E200-44B3-98C5-CAE6B80FBB3B}.Debug|Any CPU.ActiveCfg = Debug|Any CPU
		{E142C09A-E200-44B3-98C5-CAE6B80FBB3B}.Debug|Any CPU.Build.0 = Debug|Any CPU
		{E142C09A-E200-44B3-98C5-CAE6B80FBB3B}.Release|Any CPU.ActiveCfg = Release|Any CPU
		{E142C09A-E200-44B3-98C5-CAE6B80FBB3B}.Release|Any CPU.Build.0 = Release|Any CPU
		{995142AE-D4DD-46A9-8CB1-A8CD1A92DDF7}.Debug|Any CPU.ActiveCfg = Debug|Any CPU
		{995142AE-D4DD-46A9-8CB1-A8CD1A92DDF7}.Debug|Any CPU.Build.0 = Debug|Any CPU
		{995142AE-D4DD-46A9-8CB1-A8CD1A92DDF7}.Release|Any CPU.ActiveCfg = Release|Any CPU
		{995142AE-D4DD-46A9-8CB1-A8CD1A92DDF7}.Release|Any CPU.Build.0 = Release|Any CPU
		{2D4E46B3-426A-4035-B9FF-66B044D33468}.Debug|Any CPU.ActiveCfg = Debug|Any CPU
		{2D4E46B3-426A-4035-B9FF-66B044D33468}.Debug|Any CPU.Build.0 = Debug|Any CPU
		{2D4E46B3-426A-4035-B9FF-66B044D33468}.Release|Any CPU.ActiveCfg = Release|Any CPU
		{2D4E46B3-426A-4035-B9FF-66B044D33468}.Release|Any CPU.Build.0 = Release|Any CPU
		{B0E509F2-D7D7-4B9F-B899-908B130C6D31}.Debug|Any CPU.ActiveCfg = Debug|Any CPU
		{B0E509F2-D7D7-4B9F-B899-908B130C6D31}.Debug|Any CPU.Build.0 = Debug|Any CPU
		{B0E509F2-D7D7-4B9F-B899-908B130C6D31}.Release|Any CPU.ActiveCfg = Release|Any CPU
		{B0E509F2-D7D7-4B9F-B899-908B130C6D31}.Release|Any CPU.Build.0 = Release|Any CPU
	EndGlobalSection
	GlobalSection(SolutionProperties) = preSolution
		HideSolutionNode = FALSE
	EndGlobalSection
	GlobalSection(ExtensibilityGlobals) = postSolution
		SolutionGuid = {F01EBCF2-BD79-4DE4-B7F0-9C9D41F8B0D5}
	EndGlobalSection
EndGlobal
