
Microsoft Visual Studio Solution File, Format Version 12.00
# Visual Studio Version 17
VisualStudioVersion = 17.6.33815.320
MinimumVisualStudioVersion = 10.0.40219.1
Project("{2150E333-8FDC-42A3-9474-1A3956D46DE8}") = "YourRest", "YourRest", "{0F66D33B-F186-464A-AD9E-4C6C7FC8F1B1}"
EndProject
Project("{9A19103F-16F7-4668-BE54-9A1E7A4F7556}") = "YourRest", "YourRest\YourRest.csproj", "{98C97F8D-C1CD-4B34-9DF1-09C4942DD708}"
EndProject
Global
	GlobalSection(SolutionConfigurationPlatforms) = preSolution
		Debug|Any CPU = Debug|Any CPU
		Release|Any CPU = Release|Any CPU
	EndGlobalSection
	GlobalSection(ProjectConfigurationPlatforms) = postSolution
		{98C97F8D-C1CD-4B34-9DF1-09C4942DD708}.Debug|Any CPU.ActiveCfg = Debug|Any CPU
		{98C97F8D-C1CD-4B34-9DF1-09C4942DD708}.Debug|Any CPU.Build.0 = Debug|Any CPU
		{98C97F8D-C1CD-4B34-9DF1-09C4942DD708}.Release|Any CPU.ActiveCfg = Release|Any CPU
		{98C97F8D-C1CD-4B34-9DF1-09C4942DD708}.Release|Any CPU.Build.0 = Release|Any CPU
	EndGlobalSection
	GlobalSection(SolutionProperties) = preSolution
		HideSolutionNode = FALSE
	EndGlobalSection
	GlobalSection(NestedProjects) = preSolution
		{98C97F8D-C1CD-4B34-9DF1-09C4942DD708} = {0F66D33B-F186-464A-AD9E-4C6C7FC8F1B1}
	EndGlobalSection
	GlobalSection(ExtensibilityGlobals) = postSolution
		SolutionGuid = {F01EBCF2-BD79-4DE4-B7F0-9C9D41F8B0D5}
	EndGlobalSection
EndGlobal
